
Microsoft Visual Studio Solution File, Format Version 12.00
# Visual Studio Version 16
VisualStudioVersion = 16.0.29418.71
MinimumVisualStudioVersion = 10.0.40219.1
Project("{FAE04EC0-301F-11D3-BF4B-00C04F79EFBC}") = "FoodCalendar", "FoodCalendar\FoodCalendar.csproj", "{3AE9A60C-3178-43FB-97CD-0CDB60D76074}"
EndProject
Global
	GlobalSection(SolutionConfigurationPlatforms) = preSolution
		Debug|Any CPU = Debug|Any CPU
		Release|Any CPU = Release|Any CPU
	EndGlobalSection
	GlobalSection(ProjectConfigurationPlatforms) = postSolution
		{3AE9A60C-3178-43FB-97CD-0CDB60D76074}.Debug|Any CPU.ActiveCfg = Debug|Any CPU
		{3AE9A60C-3178-43FB-97CD-0CDB60D76074}.Debug|Any CPU.Build.0 = Debug|Any CPU
		{3AE9A60C-3178-43FB-97CD-0CDB60D76074}.Release|Any CPU.ActiveCfg = Release|Any CPU
		{3AE9A60C-3178-43FB-97CD-0CDB60D76074}.Release|Any CPU.Build.0 = Release|Any CPU
	EndGlobalSection
	GlobalSection(SolutionProperties) = preSolution
		HideSolutionNode = FALSE
	EndGlobalSection
	GlobalSection(ExtensibilityGlobals) = postSolution
		SolutionGuid = {A06232D8-D531-42E3-AFDC-42D5AF30C7B3}
	EndGlobalSection
EndGlobal
